
Microsoft Visual Studio Solution File, Format Version 12.00
# Visual Studio Version 17
VisualStudioVersion = 17.1.32414.318
MinimumVisualStudioVersion = 10.0.40219.1
Project("{FAE04EC0-301F-11D3-BF4B-00C04F79EFBC}") = "EFCoreBulk", "EFCoreBulk.csproj", "{6144E3F7-39EA-40F8-941A-E8FFF686CD7F}"
EndProject
Global
	GlobalSection(SolutionConfigurationPlatforms) = preSolution
		Debug|Any CPU = Debug|Any CPU
		Release|Any CPU = Release|Any CPU
	EndGlobalSection
	GlobalSection(ProjectConfigurationPlatforms) = postSolution
		{6144E3F7-39EA-40F8-941A-E8FFF686CD7F}.Debug|Any CPU.ActiveCfg = Debug|Any CPU
		{6144E3F7-39EA-40F8-941A-E8FFF686CD7F}.Debug|Any CPU.Build.0 = Debug|Any CPU
		{6144E3F7-39EA-40F8-941A-E8FFF686CD7F}.Release|Any CPU.ActiveCfg = Release|Any CPU
		{6144E3F7-39EA-40F8-941A-E8FFF686CD7F}.Release|Any CPU.Build.0 = Release|Any CPU
	EndGlobalSection
	GlobalSection(SolutionProperties) = preSolution
		HideSolutionNode = FALSE
	EndGlobalSection
	GlobalSection(ExtensibilityGlobals) = postSolution
		SolutionGuid = {48276A4B-5FEA-4487-81E3-FD9C319AB5A6}
	EndGlobalSection
EndGlobal
